
Microsoft Visual Studio Solution File, Format Version 12.00
# Visual Studio Version 17
VisualStudioVersion = 17.7.34202.233
MinimumVisualStudioVersion = 10.0.40219.1
Project("{FAE04EC0-301F-11D3-BF4B-00C04F79EFBC}") = "ChatAplikacijaVito", "ChatAplikacijaVito\ChatAplikacijaVito.csproj", "{A9B9D31F-CF89-484A-8B73-EC15409E6E1F}"
EndProject
Project("{2150E333-8FDC-42A3-9474-1A3956D46DE8}") = "Solution Items", "Solution Items", "{DF156B5B-E8FE-48EE-B465-F4DA90765B52}"
EndProject
Global
	GlobalSection(SolutionConfigurationPlatforms) = preSolution
		Debug|Any CPU = Debug|Any CPU
		Release|Any CPU = Release|Any CPU
	EndGlobalSection
	GlobalSection(ProjectConfigurationPlatforms) = postSolution
		{A9B9D31F-CF89-484A-8B73-EC15409E6E1F}.Debug|Any CPU.ActiveCfg = Debug|Any CPU
		{A9B9D31F-CF89-484A-8B73-EC15409E6E1F}.Debug|Any CPU.Build.0 = Debug|Any CPU
		{A9B9D31F-CF89-484A-8B73-EC15409E6E1F}.Release|Any CPU.ActiveCfg = Release|Any CPU
		{A9B9D31F-CF89-484A-8B73-EC15409E6E1F}.Release|Any CPU.Build.0 = Release|Any CPU
	EndGlobalSection
	GlobalSection(SolutionProperties) = preSolution
		HideSolutionNode = FALSE
	EndGlobalSection
	GlobalSection(ExtensibilityGlobals) = postSolution
		SolutionGuid = {F220CAE0-3012-4397-8A41-992E9082205F}
	EndGlobalSection
EndGlobal
